// !$*UTF8*$!
{
	archiveVersion = 1;
	classes = {
	};
	objectVersion = 46;
	objects = {

/* Begin PBXBuildFile section */
		2C418A98F5A0DD9A4EA32511 /* Pods_Scavengr.framework in Frameworks */ = {isa = PBXBuildFile; fileRef = 9A966A65091022ABCEEA7C20 /* Pods_Scavengr.framework */; };
		34D44531205A315B001A5E08 /* AppDelegate.swift in Sources */ = {isa = PBXBuildFile; fileRef = 34D44530205A315B001A5E08 /* AppDelegate.swift */; };
		34D44536205A315B001A5E08 /* Main.storyboard in Resources */ = {isa = PBXBuildFile; fileRef = 34D44534205A315B001A5E08 /* Main.storyboard */; };
		34D44538205A315B001A5E08 /* Assets.xcassets in Resources */ = {isa = PBXBuildFile; fileRef = 34D44537205A315B001A5E08 /* Assets.xcassets */; };
		34D4453B205A315B001A5E08 /* LaunchScreen.storyboard in Resources */ = {isa = PBXBuildFile; fileRef = 34D44539205A315B001A5E08 /* LaunchScreen.storyboard */; };
		34D44543205A3A0D001A5E08 /* MessageCell.swift in Sources */ = {isa = PBXBuildFile; fileRef = 34D44542205A3A0D001A5E08 /* MessageCell.swift */; };
		34D44545205A43A8001A5E08 /* ChatViewController.swift in Sources */ = {isa = PBXBuildFile; fileRef = 34D44544205A43A8001A5E08 /* ChatViewController.swift */; };
/* End PBXBuildFile section */

/* Begin PBXFileReference section */
		32DBED3B22958149CED6AEA3 /* Pods-Scavengr.release.xcconfig */ = {isa = PBXFileReference; includeInIndex = 1; lastKnownFileType = text.xcconfig; name = "Pods-Scavengr.release.xcconfig"; path = "Pods/Target Support Files/Pods-Scavengr/Pods-Scavengr.release.xcconfig"; sourceTree = "<group>"; };
		34D4452D205A315B001A5E08 /* Scavengr.app */ = {isa = PBXFileReference; explicitFileType = wrapper.application; includeInIndex = 0; path = Scavengr.app; sourceTree = BUILT_PRODUCTS_DIR; };
		34D44530205A315B001A5E08 /* AppDelegate.swift */ = {isa = PBXFileReference; lastKnownFileType = sourcecode.swift; path = AppDelegate.swift; sourceTree = "<group>"; };
		34D44535205A315B001A5E08 /* Base */ = {isa = PBXFileReference; lastKnownFileType = file.storyboard; name = Base; path = Base.lproj/Main.storyboard; sourceTree = "<group>"; };
		34D44537205A315B001A5E08 /* Assets.xcassets */ = {isa = PBXFileReference; lastKnownFileType = folder.assetcatalog; path = Assets.xcassets; sourceTree = "<group>"; };
		34D4453A205A315B001A5E08 /* Base */ = {isa = PBXFileReference; lastKnownFileType = file.storyboard; name = Base; path = Base.lproj/LaunchScreen.storyboard; sourceTree = "<group>"; };
		34D4453C205A315B001A5E08 /* Info.plist */ = {isa = PBXFileReference; lastKnownFileType = text.plist.xml; path = Info.plist; sourceTree = "<group>"; };
		34D44542205A3A0D001A5E08 /* MessageCell.swift */ = {isa = PBXFileReference; fileEncoding = 4; lastKnownFileType = sourcecode.swift; path = MessageCell.swift; sourceTree = "<group>"; };
		34D44544205A43A8001A5E08 /* ChatViewController.swift */ = {isa = PBXFileReference; fileEncoding = 4; lastKnownFileType = sourcecode.swift; path = ChatViewController.swift; sourceTree = "<group>"; };
		3BAF0D15D819FA69D22EF6AF /* Pods-Scavengr.debug.xcconfig */ = {isa = PBXFileReference; includeInIndex = 1; lastKnownFileType = text.xcconfig; name = "Pods-Scavengr.debug.xcconfig"; path = "Pods/Target Support Files/Pods-Scavengr/Pods-Scavengr.debug.xcconfig"; sourceTree = "<group>"; };
		9A966A65091022ABCEEA7C20 /* Pods_Scavengr.framework */ = {isa = PBXFileReference; explicitFileType = wrapper.framework; includeInIndex = 0; path = Pods_Scavengr.framework; sourceTree = BUILT_PRODUCTS_DIR; };
/* End PBXFileReference section */

/* Begin PBXFrameworksBuildPhase section */
		34D4452A205A315B001A5E08 /* Frameworks */ = {
			isa = PBXFrameworksBuildPhase;
			buildActionMask = 2147483647;
			files = (
				2C418A98F5A0DD9A4EA32511 /* Pods_Scavengr.framework in Frameworks */,
			);
			runOnlyForDeploymentPostprocessing = 0;
		};
/* End PBXFrameworksBuildPhase section */

/* Begin PBXGroup section */
		34D44524205A315B001A5E08 = {
			isa = PBXGroup;
			children = (
				34D4452F205A315B001A5E08 /* Scavengr */,
				34D4452E205A315B001A5E08 /* Products */,
				87C78B6CD1F3CDE38DDC8618 /* Pods */,
				927CC4A45A423448F280B9EB /* Frameworks */,
			);
			sourceTree = "<group>";
		};
		34D4452E205A315B001A5E08 /* Products */ = {
			isa = PBXGroup;
			children = (
				34D4452D205A315B001A5E08 /* Scavengr.app */,
			);
			name = Products;
			sourceTree = "<group>";
		};
		34D4452F205A315B001A5E08 /* Scavengr */ = {
			isa = PBXGroup;
			children = (
				34D44530205A315B001A5E08 /* AppDelegate.swift */,
				34D44534205A315B001A5E08 /* Main.storyboard */,
				34D44537205A315B001A5E08 /* Assets.xcassets */,
				34D44539205A315B001A5E08 /* LaunchScreen.storyboard */,
				34D4453C205A315B001A5E08 /* Info.plist */,
				34D44542205A3A0D001A5E08 /* MessageCell.swift */,
				34D44544205A43A8001A5E08 /* ChatViewController.swift */,
			);
			path = Scavengr;
			sourceTree = "<group>";
		};
		87C78B6CD1F3CDE38DDC8618 /* Pods */ = {
			isa = PBXGroup;
			children = (
				3BAF0D15D819FA69D22EF6AF /* Pods-Scavengr.debug.xcconfig */,
				32DBED3B22958149CED6AEA3 /* Pods-Scavengr.release.xcconfig */,
			);
			name = Pods;
			sourceTree = "<group>";
		};
		927CC4A45A423448F280B9EB /* Frameworks */ = {
			isa = PBXGroup;
			children = (
				9A966A65091022ABCEEA7C20 /* Pods_Scavengr.framework */,
			);
			name = Frameworks;
			sourceTree = "<group>";
		};
/* End PBXGroup section */

/* Begin PBXNativeTarget section */
		34D4452C205A315B001A5E08 /* Scavengr */ = {
			isa = PBXNativeTarget;
			buildConfigurationList = 34D4453F205A315B001A5E08 /* Build configuration list for PBXNativeTarget "Scavengr" */;
			buildPhases = (
				66343B9E26BF1C1185818EEA /* [CP] Check Pods Manifest.lock */,
				34D44529205A315B001A5E08 /* Sources */,
				34D4452A205A315B001A5E08 /* Frameworks */,
				34D4452B205A315B001A5E08 /* Resources */,
				6F71259934052445CE01632B /* [CP] Embed Pods Frameworks */,
				DED5133FFF4BFEA044DAC31B /* [CP] Copy Pods Resources */,
			);
			buildRules = (
			);
			dependencies = (
			);
			name = Scavengr;
			productName = Scavengr;
			productReference = 34D4452D205A315B001A5E08 /* Scavengr.app */;
			productType = "com.apple.product-type.application";
		};
/* End PBXNativeTarget section */

/* Begin PBXProject section */
		34D44525205A315B001A5E08 /* Project object */ = {
			isa = PBXProject;
			attributes = {
				LastSwiftUpdateCheck = 0800;
				LastUpgradeCheck = 0800;
				ORGANIZATIONNAME = "Gates Zeng";
				TargetAttributes = {
					34D4452C205A315B001A5E08 = {
						CreatedOnToolsVersion = 8.0;
						ProvisioningStyle = Automatic;
					};
				};
			};
			buildConfigurationList = 34D44528205A315B001A5E08 /* Build configuration list for PBXProject "Scavengr" */;
			compatibilityVersion = "Xcode 3.2";
			developmentRegion = English;
			hasScannedForEncodings = 0;
			knownRegions = (
				en,
				Base,
			);
			mainGroup = 34D44524205A315B001A5E08;
			productRefGroup = 34D4452E205A315B001A5E08 /* Products */;
			projectDirPath = "";
			projectRoot = "";
			targets = (
				34D4452C205A315B001A5E08 /* Scavengr */,
			);
		};
/* End PBXProject section */

/* Begin PBXResourcesBuildPhase section */
		34D4452B205A315B001A5E08 /* Resources */ = {
			isa = PBXResourcesBuildPhase;
			buildActionMask = 2147483647;
			files = (
				34D4453B205A315B001A5E08 /* LaunchScreen.storyboard in Resources */,
				34D44538205A315B001A5E08 /* Assets.xcassets in Resources */,
				34D44536205A315B001A5E08 /* Main.storyboard in Resources */,
			);
			runOnlyForDeploymentPostprocessing = 0;
		};
/* End PBXResourcesBuildPhase section */

/* Begin PBXShellScriptBuildPhase section */
		66343B9E26BF1C1185818EEA /* [CP] Check Pods Manifest.lock */ = {
			isa = PBXShellScriptBuildPhase;
			buildActionMask = 2147483647;
			files = (
			);
			inputPaths = (
			);
			name = "[CP] Check Pods Manifest.lock";
			outputPaths = (
			);
			runOnlyForDeploymentPostprocessing = 0;
			shellPath = /bin/sh;
			shellScript = "diff \"${PODS_ROOT}/../Podfile.lock\" \"${PODS_ROOT}/Manifest.lock\" > /dev/null\nif [ $? != 0 ] ; then\n    # print error to STDERR\n    echo \"error: The sandbox is not in sync with the Podfile.lock. Run 'pod install' or update your CocoaPods installation.\" >&2\n    exit 1\nfi\n";
			showEnvVarsInLog = 0;
		};
		6F71259934052445CE01632B /* [CP] Embed Pods Frameworks */ = {
			isa = PBXShellScriptBuildPhase;
			buildActionMask = 2147483647;
			files = (
			);
			inputPaths = (
			);
			name = "[CP] Embed Pods Frameworks";
			outputPaths = (
			);
			runOnlyForDeploymentPostprocessing = 0;
			shellPath = /bin/sh;
			shellScript = "\"${SRCROOT}/Pods/Target Support Files/Pods-Scavengr/Pods-Scavengr-frameworks.sh\"\n";
			showEnvVarsInLog = 0;
		};
		DED5133FFF4BFEA044DAC31B /* [CP] Copy Pods Resources */ = {
			isa = PBXShellScriptBuildPhase;
			buildActionMask = 2147483647;
			files = (
			);
			inputPaths = (
			);
			name = "[CP] Copy Pods Resources";
			outputPaths = (
			);
			runOnlyForDeploymentPostprocessing = 0;
			shellPath = /bin/sh;
			shellScript = "\"${SRCROOT}/Pods/Target Support Files/Pods-Scavengr/Pods-Scavengr-resources.sh\"\n";
			showEnvVarsInLog = 0;
		};
/* End PBXShellScriptBuildPhase section */

/* Begin PBXSourcesBuildPhase section */
		34D44529205A315B001A5E08 /* Sources */ = {
			isa = PBXSourcesBuildPhase;
			buildActionMask = 2147483647;
			files = (
				34D44531205A315B001A5E08 /* AppDelegate.swift in Sources */,
				34D44545205A43A8001A5E08 /* ChatViewController.swift in Sources */,
				34D44543205A3A0D001A5E08 /* MessageCell.swift in Sources */,
			);
			runOnlyForDeploymentPostprocessing = 0;
		};
/* End PBXSourcesBuildPhase section */

/* Begin PBXVariantGroup section */
		34D44534205A315B001A5E08 /* Main.storyboard */ = {
			isa = PBXVariantGroup;
			children = (
				34D44535205A315B001A5E08 /* Base */,
			);
			name = Main.storyboard;
			sourceTree = "<group>";
		};
		34D44539205A315B001A5E08 /* LaunchScreen.storyboard */ = {
			isa = PBXVariantGroup;
			children = (
				34D4453A205A315B001A5E08 /* Base */,
			);
			name = LaunchScreen.storyboard;
			sourceTree = "<group>";
		};
/* End PBXVariantGroup section */

/* Begin XCBuildConfiguration section */
		34D4453D205A315B001A5E08 /* Debug */ = {
			isa = XCBuildConfiguration;
			buildSettings = {
				ALWAYS_SEARCH_USER_PATHS = NO;
				CLANG_ANALYZER_NONNULL = YES;
				CLANG_CXX_LANGUAGE_STANDARD = "gnu++0x";
				CLANG_CXX_LIBRARY = "libc++";
				CLANG_ENABLE_MODULES = YES;
				CLANG_ENABLE_OBJC_ARC = YES;
				CLANG_WARN_BOOL_CONVERSION = YES;
				CLANG_WARN_CONSTANT_CONVERSION = YES;
				CLANG_WARN_DIRECT_OBJC_ISA_USAGE = YES_ERROR;
				CLANG_WARN_DOCUMENTATION_COMMENTS = YES;
				CLANG_WARN_EMPTY_BODY = YES;
				CLANG_WARN_ENUM_CONVERSION = YES;
				CLANG_WARN_INFINITE_RECURSION = YES;
				CLANG_WARN_INT_CONVERSION = YES;
				CLANG_WARN_OBJC_ROOT_CLASS = YES_ERROR;
				CLANG_WARN_SUSPICIOUS_MOVES = YES;
				CLANG_WARN_UNREACHABLE_CODE = YES;
				CLANG_WARN__DUPLICATE_METHOD_MATCH = YES;
				"CODE_SIGN_IDENTITY[sdk=iphoneos*]" = "iPhone Developer";
				COPY_PHASE_STRIP = NO;
				DEBUG_INFORMATION_FORMAT = dwarf;
				ENABLE_STRICT_OBJC_MSGSEND = YES;
				ENABLE_TESTABILITY = YES;
				GCC_C_LANGUAGE_STANDARD = gnu99;
				GCC_DYNAMIC_NO_PIC = NO;
				GCC_NO_COMMON_BLOCKS = YES;
				GCC_OPTIMIZATION_LEVEL = 0;
				GCC_PREPROCESSOR_DEFINITIONS = (
					"DEBUG=1",
					"$(inherited)",
				);
				GCC_WARN_64_TO_32_BIT_CONVERSION = YES;
				GCC_WARN_ABOUT_RETURN_TYPE = YES_ERROR;
				GCC_WARN_UNDECLARED_SELECTOR = YES;
				GCC_WARN_UNINITIALIZED_AUTOS = YES_AGGRESSIVE;
				GCC_WARN_UNUSED_FUNCTION = YES;
				GCC_WARN_UNUSED_VARIABLE = YES;
				IPHONEOS_DEPLOYMENT_TARGET = 10.0;
				MTL_ENABLE_DEBUG_INFO = YES;
				ONLY_ACTIVE_ARCH = YES;
				SDKROOT = iphoneos;
				SWIFT_ACTIVE_COMPILATION_CONDITIONS = DEBUG;
				SWIFT_OPTIMIZATION_LEVEL = "-Onone";
				TARGETED_DEVICE_FAMILY = "1,2";
			};
			name = Debug;
		};
		34D4453E205A315B001A5E08 /* Release */ = {
			isa = XCBuildConfiguration;
			buildSettings = {
				ALWAYS_SEARCH_USER_PATHS = NO;
				CLANG_ANALYZER_NONNULL = YES;
				CLANG_CXX_LANGUAGE_STANDARD = "gnu++0x";
				CLANG_CXX_LIBRARY = "libc++";
				CLANG_ENABLE_MODULES = YES;
				CLANG_ENABLE_OBJC_ARC = YES;
				CLANG_WARN_BOOL_CONVERSION = YES;
				CLANG_WARN_CONSTANT_CONVERSION = YES;
				CLANG_WARN_DIRECT_OBJC_ISA_USAGE = YES_ERROR;
				CLANG_WARN_DOCUMENTATION_COMMENTS = YES;
				CLANG_WARN_EMPTY_BODY = YES;
				CLANG_WARN_ENUM_CONVERSION = YES;
				CLANG_WARN_INFINITE_RECURSION = YES;
				CLANG_WARN_INT_CONVERSION = YES;
				CLANG_WARN_OBJC_ROOT_CLASS = YES_ERROR;
				CLANG_WARN_SUSPICIOUS_MOVES = YES;
				CLANG_WARN_UNREACHABLE_CODE = YES;
				CLANG_WARN__DUPLICATE_METHOD_MATCH = YES;
				"CODE_SIGN_IDENTITY[sdk=iphoneos*]" = "iPhone Developer";
				COPY_PHASE_STRIP = NO;
				DEBUG_INFORMATION_FORMAT = "dwarf-with-dsym";
				ENABLE_NS_ASSERTIONS = NO;
				ENABLE_STRICT_OBJC_MSGSEND = YES;
				GCC_C_LANGUAGE_STANDARD = gnu99;
				GCC_NO_COMMON_BLOCKS = YES;
				GCC_WARN_64_TO_32_BIT_CONVERSION = YES;
				GCC_WARN_ABOUT_RETURN_TYPE = YES_ERROR;
				GCC_WARN_UNDECLARED_SELECTOR = YES;
				GCC_WARN_UNINITIALIZED_AUTOS = YES_AGGRESSIVE;
				GCC_WARN_UNUSED_FUNCTION = YES;
				GCC_WARN_UNUSED_VARIABLE = YES;
				IPHONEOS_DEPLOYMENT_TARGET = 10.0;
				MTL_ENABLE_DEBUG_INFO = NO;
				SDKROOT = iphoneos;
				SWIFT_OPTIMIZATION_LEVEL = "-Owholemodule";
				TARGETED_DEVICE_FAMILY = "1,2";
				VALIDATE_PRODUCT = YES;
			};
			name = Release;
		};
		34D44540205A315B001A5E08 /* Debug */ = {
			isa = XCBuildConfiguration;
			baseConfigurationReference = 3BAF0D15D819FA69D22EF6AF /* Pods-Scavengr.debug.xcconfig */;
			buildSettings = {
				ASSETCATALOG_COMPILER_APPICON_NAME = AppIcon;
				INFOPLIST_FILE = Scavengr/Info.plist;
				LD_RUNPATH_SEARCH_PATHS = "$(inherited) @executable_path/Frameworks";
				PRODUCT_BUNDLE_IDENTIFIER = com.gateszeng.Scavengr;
				PRODUCT_NAME = "$(TARGET_NAME)";
				SWIFT_VERSION = 3.0;
			};
			name = Debug;
		};
		34D44541205A315B001A5E08 /* Release */ = {
			isa = XCBuildConfiguration;
			baseConfigurationReference = 32DBED3B22958149CED6AEA3 /* Pods-Scavengr.release.xcconfig */;
			buildSettings = {
				ASSETCATALOG_COMPILER_APPICON_NAME = AppIcon;
				INFOPLIST_FILE = Scavengr/Info.plist;
				LD_RUNPATH_SEARCH_PATHS = "$(inherited) @executable_path/Frameworks";
				PRODUCT_BUNDLE_IDENTIFIER = com.gateszeng.Scavengr;
				PRODUCT_NAME = "$(TARGET_NAME)";
				SWIFT_VERSION = 3.0;
			};
			name = Release;
		};
/* End XCBuildConfiguration section */

/* Begin XCConfigurationList section */
		34D44528205A315B001A5E08 /* Build configuration list for PBXProject "Scavengr" */ = {
			isa = XCConfigurationList;
			buildConfigurations = (
				34D4453D205A315B001A5E08 /* Debug */,
				34D4453E205A315B001A5E08 /* Release */,
			);
			defaultConfigurationIsVisible = 0;
			defaultConfigurationName = Release;
		};
		34D4453F205A315B001A5E08 /* Build configuration list for PBXNativeTarget "Scavengr" */ = {
			isa = XCConfigurationList;
			buildConfigurations = (
				34D44540205A315B001A5E08 /* Debug */,
				34D44541205A315B001A5E08 /* Release */,
			);
			defaultConfigurationIsVisible = 0;
			defaultConfigurationName = Release;
		};
/* End XCConfigurationList section */
	};
	rootObject = 34D44525205A315B001A5E08 /* Project object */;
}
