// !$*UTF8*$!
{
	archiveVersion = 1;
	classes = {
	};
	objectVersion = 46;
	objects = {

/* Begin PBXBuildFile section */
		34D44531205A315B001A5E08 /* AppDelegate.swift in Sources */ = {isa = PBXBuildFile; fileRef = 34D44530205A315B001A5E08 /* AppDelegate.swift */; };
		34D44533205A315B001A5E08 /* ViewController.swift in Sources */ = {isa = PBXBuildFile; fileRef = 34D44532205A315B001A5E08 /* ViewController.swift */; };
		34D44536205A315B001A5E08 /* Main.storyboard in Resources */ = {isa = PBXBuildFile; fileRef = 34D44534205A315B001A5E08 /* Main.storyboard */; };
		34D44538205A315B001A5E08 /* Assets.xcassets in Resources */ = {isa = PBXBuildFile; fileRef = 34D44537205A315B001A5E08 /* Assets.xcassets */; };
		34D4453B205A315B001A5E08 /* LaunchScreen.storyboard in Resources */ = {isa = PBXBuildFile; fileRef = 34D44539205A315B001A5E08 /* LaunchScreen.storyboard */; };
/* End PBXBuildFile section */

/* Begin PBXFileReference section */
		34D4452D205A315B001A5E08 /* Scavengr.app */ = {isa = PBXFileReference; explicitFileType = wrapper.application; includeInIndex = 0; path = Scavengr.app; sourceTree = BUILT_PRODUCTS_DIR; };
		34D44530205A315B001A5E08 /* AppDelegate.swift */ = {isa = PBXFileReference; lastKnownFileType = sourcecode.swift; path = AppDelegate.swift; sourceTree = "<group>"; };
		34D44532205A315B001A5E08 /* ViewController.swift */ = {isa = PBXFileReference; lastKnownFileType = sourcecode.swift; path = ViewController.swift; sourceTree = "<group>"; };
		34D44535205A315B001A5E08 /* Base */ = {isa = PBXFileReference; lastKnownFileType = file.storyboard; name = Base; path = Base.lproj/Main.storyboard; sourceTree = "<group>"; };
		34D44537205A315B001A5E08 /* Assets.xcassets */ = {isa = PBXFileReference; lastKnownFileType = folder.assetcatalog; path = Assets.xcassets; sourceTree = "<group>"; };
		34D4453A205A315B001A5E08 /* Base */ = {isa = PBXFileReference; lastKnownFileType = file.storyboard; name = Base; path = Base.lproj/LaunchScreen.storyboard; sourceTree = "<group>"; };
		34D4453C205A315B001A5E08 /* Info.plist */ = {isa = PBXFileReference; lastKnownFileType = text.plist.xml; path = Info.plist; sourceTree = "<group>"; };
/* End PBXFileReference section */

/* Begin PBXFrameworksBuildPhase section */
		34D4452A205A315B001A5E08 /* Frameworks */ = {
			isa = PBXFrameworksBuildPhase;
			buildActionMask = 2147483647;
			files = (
			);
			runOnlyForDeploymentPostprocessing = 0;
		};
/* End PBXFrameworksBuildPhase section */

/* Begin PBXGroup section */
		34D44524205A315B001A5E08 = {
			isa = PBXGroup;
			children = (
				34D4452F205A315B001A5E08 /* Scavengr */,
				34D4452E205A315B001A5E08 /* Products */,
			);
			sourceTree = "<group>";
		};
		34D4452E205A315B001A5E08 /* Products */ = {
			isa = PBXGroup;
			children = (
				34D4452D205A315B001A5E08 /* Scavengr.app */,
			);
			name = Products;
			sourceTree = "<group>";
		};
		34D4452F205A315B001A5E08 /* Scavengr */ = {
			isa = PBXGroup;
			children = (
				34D44530205A315B001A5E08 /* AppDelegate.swift */,
				34D44532205A315B001A5E08 /* ViewController.swift */,
				34D44534205A315B001A5E08 /* Main.storyboard */,
				34D44537205A315B001A5E08 /* Assets.xcassets */,
				34D44539205A315B001A5E08 /* LaunchScreen.storyboard */,
				34D4453C205A315B001A5E08 /* Info.plist */,
			);
			path = Scavengr;
			sourceTree = "<group>";
		};
/* End PBXGroup section */

/* Begin PBXNativeTarget section */
		34D4452C205A315B001A5E08 /* Scavengr */ = {
			isa = PBXNativeTarget;
			buildConfigurationList = 34D4453F205A315B001A5E08 /* Build configuration list for PBXNativeTarget "Scavengr" */;
			buildPhases = (
				34D44529205A315B001A5E08 /* Sources */,
				34D4452A205A315B001A5E08 /* Frameworks */,
				34D4452B205A315B001A5E08 /* Resources */,
			);
			buildRules = (
			);
			dependencies = (
			);
			name = Scavengr;
			productName = Scavengr;
			productReference = 34D4452D205A315B001A5E08 /* Scavengr.app */;
			productType = "com.apple.product-type.application";
		};
/* End PBXNativeTarget section */

/* Begin PBXProject section */
		34D44525205A315B001A5E08 /* Project object */ = {
			isa = PBXProject;
			attributes = {
				LastSwiftUpdateCheck = 0800;
				LastUpgradeCheck = 0800;
				ORGANIZATIONNAME = "Gates Zeng";
				TargetAttributes = {
					34D4452C205A315B001A5E08 = {
						CreatedOnToolsVersion = 8.0;
						ProvisioningStyle = Automatic;
					};
				};
			};
			buildConfigurationList = 34D44528205A315B001A5E08 /* Build configuration list for PBXProject "Scavengr" */;
			compatibilityVersion = "Xcode 3.2";
			developmentRegion = English;
			hasScannedForEncodings = 0;
			knownRegions = (
				en,
				Base,
			);
			mainGroup = 34D44524205A315B001A5E08;
			productRefGroup = 34D4452E205A315B001A5E08 /* Products */;
			projectDirPath = "";
			projectRoot = "";
			targets = (
				34D4452C205A315B001A5E08 /* Scavengr */,
			);
		};
/* End PBXProject section */

/* Begin PBXResourcesBuildPhase section */
		34D4452B205A315B001A5E08 /* Resources */ = {
			isa = PBXResourcesBuildPhase;
			buildActionMask = 2147483647;
			files = (
				34D4453B205A315B001A5E08 /* LaunchScreen.storyboard in Resources */,
				34D44538205A315B001A5E08 /* Assets.xcassets in Resources */,
				34D44536205A315B001A5E08 /* Main.storyboard in Resources */,
			);
			runOnlyForDeploymentPostprocessing = 0;
		};
/* End PBXResourcesBuildPhase section */

/* Begin PBXSourcesBuildPhase section */
		34D44529205A315B001A5E08 /* Sources */ = {
			isa = PBXSourcesBuildPhase;
			buildActionMask = 2147483647;
			files = (
				34D44533205A315B001A5E08 /* ViewController.swift in Sources */,
				34D44531205A315B001A5E08 /* AppDelegate.swift in Sources */,
			);
			runOnlyForDeploymentPostprocessing = 0;
		};
/* End PBXSourcesBuildPhase section */

/* Begin PBXVariantGroup section */
		34D44534205A315B001A5E08 /* Main.storyboard */ = {
			isa = PBXVariantGroup;
			children = (
				34D44535205A315B001A5E08 /* Base */,
			);
			name = Main.storyboard;
			sourceTree = "<group>";
		};
		34D44539205A315B001A5E08 /* LaunchScreen.storyboard */ = {
			isa = PBXVariantGroup;
			children = (
				34D4453A205A315B001A5E08 /* Base */,
			);
			name = LaunchScreen.storyboard;
			sourceTree = "<group>";
		};
/* End PBXVariantGroup section */

/* Begin XCBuildConfiguration section */
		34D4453D205A315B001A5E08 /* Debug */ = {
			isa = XCBuildConfiguration;
			buildSettings = {
				ALWAYS_SEARCH_USER_PATHS = NO;
				CLANG_ANALYZER_NONNULL = YES;
				CLANG_CXX_LANGUAGE_STANDARD = "gnu++0x";
				CLANG_CXX_LIBRARY = "libc++";
				CLANG_ENABLE_MODULES = YES;
				CLANG_ENABLE_OBJC_ARC = YES;
				CLANG_WARN_BOOL_CONVERSION = YES;
				CLANG_WARN_CONSTANT_CONVERSION = YES;
				CLANG_WARN_DIRECT_OBJC_ISA_USAGE = YES_ERROR;
				CLANG_WARN_DOCUMENTATION_COMMENTS = YES;
				CLANG_WARN_EMPTY_BODY = YES;
				CLANG_WARN_ENUM_CONVERSION = YES;
				CLANG_WARN_INFINITE_RECURSION = YES;
				CLANG_WARN_INT_CONVERSION = YES;
				CLANG_WARN_OBJC_ROOT_CLASS = YES_ERROR;
				CLANG_WARN_SUSPICIOUS_MOVES = YES;
				CLANG_WARN_UNREACHABLE_CODE = YES;
				CLANG_WARN__DUPLICATE_METHOD_MATCH = YES;
				"CODE_SIGN_IDENTITY[sdk=iphoneos*]" = "iPhone Developer";
				COPY_PHASE_STRIP = NO;
				DEBUG_INFORMATION_FORMAT = dwarf;
				ENABLE_STRICT_OBJC_MSGSEND = YES;
				ENABLE_TESTABILITY = YES;
				GCC_C_LANGUAGE_STANDARD = gnu99;
				GCC_DYNAMIC_NO_PIC = NO;
				GCC_NO_COMMON_BLOCKS = YES;
				GCC_OPTIMIZATION_LEVEL = 0;
				GCC_PREPROCESSOR_DEFINITIONS = (
					"DEBUG=1",
					"$(inherited)",
				);
				GCC_WARN_64_TO_32_BIT_CONVERSION = YES;
				GCC_WARN_ABOUT_RETURN_TYPE = YES_ERROR;
				GCC_WARN_UNDECLARED_SELECTOR = YES;
				GCC_WARN_UNINITIALIZED_AUTOS = YES_AGGRESSIVE;
				GCC_WARN_UNUSED_FUNCTION = YES;
				GCC_WARN_UNUSED_VARIABLE = YES;
				IPHONEOS_DEPLOYMENT_TARGET = 10.0;
				MTL_ENABLE_DEBUG_INFO = YES;
				ONLY_ACTIVE_ARCH = YES;
				SDKROOT = iphoneos;
				SWIFT_ACTIVE_COMPILATION_CONDITIONS = DEBUG;
				SWIFT_OPTIMIZATION_LEVEL = "-Onone";
				TARGETED_DEVICE_FAMILY = "1,2";
			};
			name = Debug;
		};
		34D4453E205A315B001A5E08 /* Release */ = {
			isa = XCBuildConfiguration;
			buildSettings = {
				ALWAYS_SEARCH_USER_PATHS = NO;
				CLANG_ANALYZER_NONNULL = YES;
				CLANG_CXX_LANGUAGE_STANDARD = "gnu++0x";
				CLANG_CXX_LIBRARY = "libc++";
				CLANG_ENABLE_MODULES = YES;
				CLANG_ENABLE_OBJC_ARC = YES;
				CLANG_WARN_BOOL_CONVERSION = YES;
				CLANG_WARN_CONSTANT_CONVERSION = YES;
				CLANG_WARN_DIRECT_OBJC_ISA_USAGE = YES_ERROR;
				CLANG_WARN_DOCUMENTATION_COMMENTS = YES;
				CLANG_WARN_EMPTY_BODY = YES;
				CLANG_WARN_ENUM_CONVERSION = YES;
				CLANG_WARN_INFINITE_RECURSION = YES;
				CLANG_WARN_INT_CONVERSION = YES;
				CLANG_WARN_OBJC_ROOT_CLASS = YES_ERROR;
				CLANG_WARN_SUSPICIOUS_MOVES = YES;
				CLANG_WARN_UNREACHABLE_CODE = YES;
				CLANG_WARN__DUPLICATE_METHOD_MATCH = YES;
				"CODE_SIGN_IDENTITY[sdk=iphoneos*]" = "iPhone Developer";
				COPY_PHASE_STRIP = NO;
				DEBUG_INFORMATION_FORMAT = "dwarf-with-dsym";
				ENABLE_NS_ASSERTIONS = NO;
				ENABLE_STRICT_OBJC_MSGSEND = YES;
				GCC_C_LANGUAGE_STANDARD = gnu99;
				GCC_NO_COMMON_BLOCKS = YES;
				GCC_WARN_64_TO_32_BIT_CONVERSION = YES;
				GCC_WARN_ABOUT_RETURN_TYPE = YES_ERROR;
				GCC_WARN_UNDECLARED_SELECTOR = YES;
				GCC_WARN_UNINITIALIZED_AUTOS = YES_AGGRESSIVE;
				GCC_WARN_UNUSED_FUNCTION = YES;
				GCC_WARN_UNUSED_VARIABLE = YES;
				IPHONEOS_DEPLOYMENT_TARGET = 10.0;
				MTL_ENABLE_DEBUG_INFO = NO;
				SDKROOT = iphoneos;
				SWIFT_OPTIMIZATION_LEVEL = "-Owholemodule";
				TARGETED_DEVICE_FAMILY = "1,2";
				VALIDATE_PRODUCT = YES;
			};
			name = Release;
		};
		34D44540205A315B001A5E08 /* Debug */ = {
			isa = XCBuildConfiguration;
			buildSettings = {
				ASSETCATALOG_COMPILER_APPICON_NAME = AppIcon;
				INFOPLIST_FILE = Scavengr/Info.plist;
				LD_RUNPATH_SEARCH_PATHS = "$(inherited) @executable_path/Frameworks";
				PRODUCT_BUNDLE_IDENTIFIER = com.gateszeng.Scavengr;
				PRODUCT_NAME = "$(TARGET_NAME)";
				SWIFT_VERSION = 3.0;
			};
			name = Debug;
		};
		34D44541205A315B001A5E08 /* Release */ = {
			isa = XCBuildConfiguration;
			buildSettings = {
				ASSETCATALOG_COMPILER_APPICON_NAME = AppIcon;
				INFOPLIST_FILE = Scavengr/Info.plist;
				LD_RUNPATH_SEARCH_PATHS = "$(inherited) @executable_path/Frameworks";
				PRODUCT_BUNDLE_IDENTIFIER = com.gateszeng.Scavengr;
				PRODUCT_NAME = "$(TARGET_NAME)";
				SWIFT_VERSION = 3.0;
			};
			name = Release;
		};
/* End XCBuildConfiguration section */

/* Begin XCConfigurationList section */
		34D44528205A315B001A5E08 /* Build configuration list for PBXProject "Scavengr" */ = {
			isa = XCConfigurationList;
			buildConfigurations = (
				34D4453D205A315B001A5E08 /* Debug */,
				34D4453E205A315B001A5E08 /* Release */,
			);
			defaultConfigurationIsVisible = 0;
			defaultConfigurationName = Release;
		};
		34D4453F205A315B001A5E08 /* Build configuration list for PBXNativeTarget "Scavengr" */ = {
			isa = XCConfigurationList;
			buildConfigurations = (
				34D44540205A315B001A5E08 /* Debug */,
				34D44541205A315B001A5E08 /* Release */,
			);
			defaultConfigurationIsVisible = 0;
		};
/* End XCConfigurationList section */
	};
	rootObject = 34D44525205A315B001A5E08 /* Project object */;
}
